
Microsoft Visual Studio Solution File, Format Version 12.00
# Visual Studio Version 17
VisualStudioVersion = 17.5.33424.131
MinimumVisualStudioVersion = 10.0.40219.1
Project("{FAE04EC0-301F-11D3-BF4B-00C04F79EFBC}") = "Sertifikasi", "Sertifikasi\Sertifikasi.csproj", "{07308F23-B033-4D26-8194-8165AC5A32E1}"
EndProject
Global
	GlobalSection(SolutionConfigurationPlatforms) = preSolution
		Debug|Any CPU = Debug|Any CPU
		Release|Any CPU = Release|Any CPU
	EndGlobalSection
	GlobalSection(ProjectConfigurationPlatforms) = postSolution
		{07308F23-B033-4D26-8194-8165AC5A32E1}.Debug|Any CPU.ActiveCfg = Debug|Any CPU
		{07308F23-B033-4D26-8194-8165AC5A32E1}.Debug|Any CPU.Build.0 = Debug|Any CPU
		{07308F23-B033-4D26-8194-8165AC5A32E1}.Release|Any CPU.ActiveCfg = Release|Any CPU
		{07308F23-B033-4D26-8194-8165AC5A32E1}.Release|Any CPU.Build.0 = Release|Any CPU
	EndGlobalSection
	GlobalSection(SolutionProperties) = preSolution
		HideSolutionNode = FALSE
	EndGlobalSection
	GlobalSection(ExtensibilityGlobals) = postSolution
		SolutionGuid = {E518F3DC-F4F8-4E1C-9C1C-FE04A30C1EBE}
	EndGlobalSection
EndGlobal
